
Microsoft Visual Studio Solution File, Format Version 12.00
# Visual Studio 15
VisualStudioVersion = 15.0.27428.2037
MinimumVisualStudioVersion = 10.0.40219.1
Project("{FAE04EC0-301F-11D3-BF4B-00C04F79EFBC}") = "CSVParserDGV", "CSVParserDGV\CSVParserDGV.csproj", "{757D9846-6D34-4936-BBA3-A420C919DC7A}"
EndProject
Global
	GlobalSection(SolutionConfigurationPlatforms) = preSolution
		Debug|Any CPU = Debug|Any CPU
		Release|Any CPU = Release|Any CPU
	EndGlobalSection
	GlobalSection(ProjectConfigurationPlatforms) = postSolution
		{757D9846-6D34-4936-BBA3-A420C919DC7A}.Debug|Any CPU.ActiveCfg = Debug|Any CPU
		{757D9846-6D34-4936-BBA3-A420C919DC7A}.Debug|Any CPU.Build.0 = Debug|Any CPU
		{757D9846-6D34-4936-BBA3-A420C919DC7A}.Release|Any CPU.ActiveCfg = Release|Any CPU
		{757D9846-6D34-4936-BBA3-A420C919DC7A}.Release|Any CPU.Build.0 = Release|Any CPU
	EndGlobalSection
	GlobalSection(SolutionProperties) = preSolution
		HideSolutionNode = FALSE
	EndGlobalSection
	GlobalSection(ExtensibilityGlobals) = postSolution
		SolutionGuid = {7F9F8242-E910-48E3-8EDF-2FB3DE7229B9}
	EndGlobalSection
EndGlobal
